
Microsoft Visual Studio Solution File, Format Version 12.00
# Visual Studio Version 17
VisualStudioVersion = 17.12.35527.113 d17.12
MinimumVisualStudioVersion = 10.0.40219.1
Project("{FAE04EC0-301F-11D3-BF4B-00C04F79EFBC}") = "Atividade4", "Atividade4\Atividade4.csproj", "{0CD2C0E4-C3E4-41D1-84DB-F49F6DB29A2A}"
EndProject
Global
	GlobalSection(SolutionConfigurationPlatforms) = preSolution
		Debug|Any CPU = Debug|Any CPU
		Release|Any CPU = Release|Any CPU
	EndGlobalSection
	GlobalSection(ProjectConfigurationPlatforms) = postSolution
		{0CD2C0E4-C3E4-41D1-84DB-F49F6DB29A2A}.Debug|Any CPU.ActiveCfg = Debug|Any CPU
		{0CD2C0E4-C3E4-41D1-84DB-F49F6DB29A2A}.Debug|Any CPU.Build.0 = Debug|Any CPU
		{0CD2C0E4-C3E4-41D1-84DB-F49F6DB29A2A}.Release|Any CPU.ActiveCfg = Release|Any CPU
		{0CD2C0E4-C3E4-41D1-84DB-F49F6DB29A2A}.Release|Any CPU.Build.0 = Release|Any CPU
	EndGlobalSection
	GlobalSection(SolutionProperties) = preSolution
		HideSolutionNode = FALSE
	EndGlobalSection
EndGlobal
